
Microsoft Visual Studio Solution File, Format Version 12.00
# Visual Studio Version 16
VisualStudioVersion = 16.0.29613.14
MinimumVisualStudioVersion = 10.0.40219.1
Project("{FAE04EC0-301F-11D3-BF4B-00C04F79EFBC}") = "Jlion.Process.Client", "Jlion.Process.Client.csproj", "{A8013479-21B3-48EB-9CEF-E4BA9BD81CEA}"
EndProject
Global
	GlobalSection(SolutionConfigurationPlatforms) = preSolution
		Debug|Any CPU = Debug|Any CPU
		Release|Any CPU = Release|Any CPU
	EndGlobalSection
	GlobalSection(ProjectConfigurationPlatforms) = postSolution
		{A8013479-21B3-48EB-9CEF-E4BA9BD81CEA}.Debug|Any CPU.ActiveCfg = Debug|Any CPU
		{A8013479-21B3-48EB-9CEF-E4BA9BD81CEA}.Debug|Any CPU.Build.0 = Debug|Any CPU
		{A8013479-21B3-48EB-9CEF-E4BA9BD81CEA}.Release|Any CPU.ActiveCfg = Release|Any CPU
		{A8013479-21B3-48EB-9CEF-E4BA9BD81CEA}.Release|Any CPU.Build.0 = Release|Any CPU
	EndGlobalSection
	GlobalSection(SolutionProperties) = preSolution
		HideSolutionNode = FALSE
	EndGlobalSection
	GlobalSection(ExtensibilityGlobals) = postSolution
		SolutionGuid = {4DC8EB33-6C9D-4BDD-A2C2-7902762ED0D9}
	EndGlobalSection
EndGlobal
